
Microsoft Visual Studio Solution File, Format Version 12.00
# Visual Studio Version 17
VisualStudioVersion = 17.5.33502.453
MinimumVisualStudioVersion = 10.0.40219.1
Project("{FAE04EC0-301F-11D3-BF4B-00C04F79EFBC}") = "PatientSummaryTool", "PatientSummaryTool.csproj", "{33366DE1-9EDE-42F9-B186-2802B6E7E8FD}"
EndProject
Global
	GlobalSection(SolutionConfigurationPlatforms) = preSolution
		Debug|Any CPU = Debug|Any CPU
		Debug|x64 = Debug|x64
		Release|Any CPU = Release|Any CPU
		Release|x64 = Release|x64
	EndGlobalSection
	GlobalSection(ProjectConfigurationPlatforms) = postSolution
		{33366DE1-9EDE-42F9-B186-2802B6E7E8FD}.Debug|Any CPU.ActiveCfg = Debug|Any CPU
		{33366DE1-9EDE-42F9-B186-2802B6E7E8FD}.Debug|Any CPU.Build.0 = Debug|Any CPU
		{33366DE1-9EDE-42F9-B186-2802B6E7E8FD}.Debug|x64.ActiveCfg = Debug|x64
		{33366DE1-9EDE-42F9-B186-2802B6E7E8FD}.Debug|x64.Build.0 = Debug|x64
		{33366DE1-9EDE-42F9-B186-2802B6E7E8FD}.Release|Any CPU.ActiveCfg = Release|Any CPU
		{33366DE1-9EDE-42F9-B186-2802B6E7E8FD}.Release|Any CPU.Build.0 = Release|Any CPU
		{33366DE1-9EDE-42F9-B186-2802B6E7E8FD}.Release|x64.ActiveCfg = Release|x64
		{33366DE1-9EDE-42F9-B186-2802B6E7E8FD}.Release|x64.Build.0 = Release|x64
	EndGlobalSection
	GlobalSection(SolutionProperties) = preSolution
		HideSolutionNode = FALSE
	EndGlobalSection
	GlobalSection(ExtensibilityGlobals) = postSolution
		SolutionGuid = {0174ED3A-52E5-4304-B65B-1E55A995C7A4}
	EndGlobalSection
EndGlobal
